// !$*UTF8*$!
{
	archiveVersion = 1;
	classes = {
	};
	objectVersion = 56;
	objects = {

/* Begin PBXBuildFile section */
		DD0F5C3F2B53DEDA00D2A5D6 /* NotepadApp.swift in Sources */ = {isa = PBXBuildFile; fileRef = DD0F5C3E2B53DEDA00D2A5D6 /* NotepadApp.swift */; };
		DD0F5C412B53DEDA00D2A5D6 /* ContentView.swift in Sources */ = {isa = PBXBuildFile; fileRef = DD0F5C402B53DEDA00D2A5D6 /* ContentView.swift */; };
		DD0F5C432B53DEDB00D2A5D6 /* Assets.xcassets in Resources */ = {isa = PBXBuildFile; fileRef = DD0F5C422B53DEDB00D2A5D6 /* Assets.xcassets */; };
		DD0F5C462B53DEDB00D2A5D6 /* Preview Assets.xcassets in Resources */ = {isa = PBXBuildFile; fileRef = DD0F5C452B53DEDB00D2A5D6 /* Preview Assets.xcassets */; };
		DD0F5C4D2B53E27400D2A5D6 /* Constants.swift in Sources */ = {isa = PBXBuildFile; fileRef = DD0F5C4C2B53E27400D2A5D6 /* Constants.swift */; };
		DD0F5C4F2B53E30700D2A5D6 /* ColorPickerView.swift in Sources */ = {isa = PBXBuildFile; fileRef = DD0F5C4E2B53E30700D2A5D6 /* ColorPickerView.swift */; };
		DD0F5C512B53E8DD00D2A5D6 /* DrawingView.swift in Sources */ = {isa = PBXBuildFile; fileRef = DD0F5C502B53E8DD00D2A5D6 /* DrawingView.swift */; };
		DD0F5C532B53E93700D2A5D6 /* Line.swift in Sources */ = {isa = PBXBuildFile; fileRef = DD0F5C522B53E93700D2A5D6 /* Line.swift */; };
		DD0F5C552B53EE9400D2A5D6 /* DrawingEngine.swift in Sources */ = {isa = PBXBuildFile; fileRef = DD0F5C542B53EE9400D2A5D6 /* DrawingEngine.swift */; };
		DD23607D2B556DEA00FE277F /* ModelData.swift in Sources */ = {isa = PBXBuildFile; fileRef = DD23607C2B556DEA00FE277F /* ModelData.swift */; };
		DD23607F2B556E6400FE277F /* SubjectsList.swift in Sources */ = {isa = PBXBuildFile; fileRef = DD23607E2B556E6400FE277F /* SubjectsList.swift */; };
		DD2360832B5588FC00FE277F /* PencilKitCanvas.swift in Sources */ = {isa = PBXBuildFile; fileRef = DD2360822B5588FC00FE277F /* PencilKitCanvas.swift */; };
		DD38A9BD2B5D83F800508310 /* Reminders.swift in Sources */ = {isa = PBXBuildFile; fileRef = DD38A9BC2B5D83F800508310 /* Reminders.swift */; };
		DDADE33F2B5ABA5800F4CFB5 /* Notification.swift in Sources */ = {isa = PBXBuildFile; fileRef = DDADE33E2B5ABA5800F4CFB5 /* Notification.swift */; };
		DDD54CAF2B5961460006B835 /* DrawingHeader.swift in Sources */ = {isa = PBXBuildFile; fileRef = DDD54CAE2B5961460006B835 /* DrawingHeader.swift */; };
		DDD54CB12B5970930006B835 /* ReminderRow.swift in Sources */ = {isa = PBXBuildFile; fileRef = DDD54CB02B5970930006B835 /* ReminderRow.swift */; };
		DDD71B032B56C84A00162E08 /* NotesList.swift in Sources */ = {isa = PBXBuildFile; fileRef = DDD71B022B56C84A00162E08 /* NotesList.swift */; };
		DDF5820F2B540CA0003A5178 /* FileManger.swift in Sources */ = {isa = PBXBuildFile; fileRef = DDF5820E2B540CA0003A5178 /* FileManger.swift */; };
		DDF582112B542A09003A5178 /* TimeTable.swift in Sources */ = {isa = PBXBuildFile; fileRef = DDF582102B542A09003A5178 /* TimeTable.swift */; };
/* End PBXBuildFile section */

/* Begin PBXFileReference section */
		DD0F5C3B2B53DEDA00D2A5D6 /* Notepad.app */ = {isa = PBXFileReference; explicitFileType = wrapper.application; includeInIndex = 0; path = Notepad.app; sourceTree = BUILT_PRODUCTS_DIR; };
		DD0F5C3E2B53DEDA00D2A5D6 /* NotepadApp.swift */ = {isa = PBXFileReference; lastKnownFileType = sourcecode.swift; path = NotepadApp.swift; sourceTree = "<group>"; };
		DD0F5C402B53DEDA00D2A5D6 /* ContentView.swift */ = {isa = PBXFileReference; lastKnownFileType = sourcecode.swift; path = ContentView.swift; sourceTree = "<group>"; };
		DD0F5C422B53DEDB00D2A5D6 /* Assets.xcassets */ = {isa = PBXFileReference; lastKnownFileType = folder.assetcatalog; path = Assets.xcassets; sourceTree = "<group>"; };
		DD0F5C452B53DEDB00D2A5D6 /* Preview Assets.xcassets */ = {isa = PBXFileReference; lastKnownFileType = folder.assetcatalog; path = "Preview Assets.xcassets"; sourceTree = "<group>"; };
		DD0F5C4C2B53E27400D2A5D6 /* Constants.swift */ = {isa = PBXFileReference; lastKnownFileType = sourcecode.swift; path = Constants.swift; sourceTree = "<group>"; };
		DD0F5C4E2B53E30700D2A5D6 /* ColorPickerView.swift */ = {isa = PBXFileReference; lastKnownFileType = sourcecode.swift; path = ColorPickerView.swift; sourceTree = "<group>"; };
		DD0F5C502B53E8DD00D2A5D6 /* DrawingView.swift */ = {isa = PBXFileReference; lastKnownFileType = sourcecode.swift; path = DrawingView.swift; sourceTree = "<group>"; };
		DD0F5C522B53E93700D2A5D6 /* Line.swift */ = {isa = PBXFileReference; lastKnownFileType = sourcecode.swift; path = Line.swift; sourceTree = "<group>"; };
		DD0F5C542B53EE9400D2A5D6 /* DrawingEngine.swift */ = {isa = PBXFileReference; lastKnownFileType = sourcecode.swift; path = DrawingEngine.swift; sourceTree = "<group>"; };
		DD23607C2B556DEA00FE277F /* ModelData.swift */ = {isa = PBXFileReference; lastKnownFileType = sourcecode.swift; path = ModelData.swift; sourceTree = "<group>"; };
		DD23607E2B556E6400FE277F /* SubjectsList.swift */ = {isa = PBXFileReference; lastKnownFileType = sourcecode.swift; path = SubjectsList.swift; sourceTree = "<group>"; };
		DD2360822B5588FC00FE277F /* PencilKitCanvas.swift */ = {isa = PBXFileReference; lastKnownFileType = sourcecode.swift; path = PencilKitCanvas.swift; sourceTree = "<group>"; };
		DD38A9BC2B5D83F800508310 /* Reminders.swift */ = {isa = PBXFileReference; lastKnownFileType = sourcecode.swift; path = Reminders.swift; sourceTree = "<group>"; };
		DDADE33E2B5ABA5800F4CFB5 /* Notification.swift */ = {isa = PBXFileReference; lastKnownFileType = sourcecode.swift; path = Notification.swift; sourceTree = "<group>"; };
		DDD54CAE2B5961460006B835 /* DrawingHeader.swift */ = {isa = PBXFileReference; lastKnownFileType = sourcecode.swift; path = DrawingHeader.swift; sourceTree = "<group>"; };
		DDD54CB02B5970930006B835 /* ReminderRow.swift */ = {isa = PBXFileReference; lastKnownFileType = sourcecode.swift; path = ReminderRow.swift; sourceTree = "<group>"; };
		DDD71B022B56C84A00162E08 /* NotesList.swift */ = {isa = PBXFileReference; lastKnownFileType = sourcecode.swift; path = NotesList.swift; sourceTree = "<group>"; };
		DDF5820E2B540CA0003A5178 /* FileManger.swift */ = {isa = PBXFileReference; lastKnownFileType = sourcecode.swift; path = FileManger.swift; sourceTree = "<group>"; };
		DDF582102B542A09003A5178 /* TimeTable.swift */ = {isa = PBXFileReference; lastKnownFileType = sourcecode.swift; path = TimeTable.swift; sourceTree = "<group>"; };
/* End PBXFileReference section */

/* Begin PBXFrameworksBuildPhase section */
		DD0F5C382B53DEDA00D2A5D6 /* Frameworks */ = {
			isa = PBXFrameworksBuildPhase;
			buildActionMask = 2147483647;
			files = (
			);
			runOnlyForDeploymentPostprocessing = 0;
		};
/* End PBXFrameworksBuildPhase section */

/* Begin PBXGroup section */
		DD0F5C322B53DEDA00D2A5D6 = {
			isa = PBXGroup;
			children = (
				DD0F5C3D2B53DEDA00D2A5D6 /* Notepad */,
				DD0F5C3C2B53DEDA00D2A5D6 /* Products */,
			);
			sourceTree = "<group>";
		};
		DD0F5C3C2B53DEDA00D2A5D6 /* Products */ = {
			isa = PBXGroup;
			children = (
				DD0F5C3B2B53DEDA00D2A5D6 /* Notepad.app */,
			);
			name = Products;
			sourceTree = "<group>";
		};
		DD0F5C3D2B53DEDA00D2A5D6 /* Notepad */ = {
			isa = PBXGroup;
			children = (
				DD0F5C3E2B53DEDA00D2A5D6 /* NotepadApp.swift */,
				DD2360812B55881000FE277F /* Views */,
				DD2360802B5587FC00FE277F /* Model */,
				DD0F5C522B53E93700D2A5D6 /* Line.swift */,
				DD0F5C4E2B53E30700D2A5D6 /* ColorPickerView.swift */,
				DD0F5C4C2B53E27400D2A5D6 /* Constants.swift */,
				DD0F5C422B53DEDB00D2A5D6 /* Assets.xcassets */,
				DD0F5C442B53DEDB00D2A5D6 /* Preview Content */,
			);
			path = Notepad;
			sourceTree = "<group>";
		};
		DD0F5C442B53DEDB00D2A5D6 /* Preview Content */ = {
			isa = PBXGroup;
			children = (
				DD0F5C452B53DEDB00D2A5D6 /* Preview Assets.xcassets */,
			);
			path = "Preview Content";
			sourceTree = "<group>";
		};
		DD2360802B5587FC00FE277F /* Model */ = {
			isa = PBXGroup;
			children = (
				DDF5820E2B540CA0003A5178 /* FileManger.swift */,
				DD0F5C542B53EE9400D2A5D6 /* DrawingEngine.swift */,
				DD2360822B5588FC00FE277F /* PencilKitCanvas.swift */,
				DD23607C2B556DEA00FE277F /* ModelData.swift */,
				DDADE33E2B5ABA5800F4CFB5 /* Notification.swift */,
			);
			path = Model;
			sourceTree = "<group>";
		};
		DD2360812B55881000FE277F /* Views */ = {
			isa = PBXGroup;
			children = (
				DD0F5C402B53DEDA00D2A5D6 /* ContentView.swift */,
				DD0F5C502B53E8DD00D2A5D6 /* DrawingView.swift */,
				DDD54CAE2B5961460006B835 /* DrawingHeader.swift */,
				DDF582102B542A09003A5178 /* TimeTable.swift */,
				DD23607E2B556E6400FE277F /* SubjectsList.swift */,
				DDD54CB02B5970930006B835 /* ReminderRow.swift */,
				DD38A9BC2B5D83F800508310 /* Reminders.swift */,
				DDD71B022B56C84A00162E08 /* NotesList.swift */,
			);
			path = Views;
			sourceTree = "<group>";
		};
/* End PBXGroup section */

/* Begin PBXNativeTarget section */
		DD0F5C3A2B53DEDA00D2A5D6 /* Notepad */ = {
			isa = PBXNativeTarget;
			buildConfigurationList = DD0F5C492B53DEDB00D2A5D6 /* Build configuration list for PBXNativeTarget "Notepad" */;
			buildPhases = (
				DD0F5C372B53DEDA00D2A5D6 /* Sources */,
				DD0F5C382B53DEDA00D2A5D6 /* Frameworks */,
				DD0F5C392B53DEDA00D2A5D6 /* Resources */,
			);
			buildRules = (
			);
			dependencies = (
			);
			name = Notepad;
			productName = Notepad;
			productReference = DD0F5C3B2B53DEDA00D2A5D6 /* Notepad.app */;
			productType = "com.apple.product-type.application";
		};
/* End PBXNativeTarget section */

/* Begin PBXProject section */
		DD0F5C332B53DEDA00D2A5D6 /* Project object */ = {
			isa = PBXProject;
			attributes = {
				BuildIndependentTargetsInParallel = 1;
				LastSwiftUpdateCheck = 1520;
				LastUpgradeCheck = 1520;
				TargetAttributes = {
					DD0F5C3A2B53DEDA00D2A5D6 = {
						CreatedOnToolsVersion = 15.2;
					};
				};
			};
			buildConfigurationList = DD0F5C362B53DEDA00D2A5D6 /* Build configuration list for PBXProject "Notepad" */;
			compatibilityVersion = "Xcode 14.0";
			developmentRegion = en;
			hasScannedForEncodings = 0;
			knownRegions = (
				en,
				Base,
			);
			mainGroup = DD0F5C322B53DEDA00D2A5D6;
			productRefGroup = DD0F5C3C2B53DEDA00D2A5D6 /* Products */;
			projectDirPath = "";
			projectRoot = "";
			targets = (
				DD0F5C3A2B53DEDA00D2A5D6 /* Notepad */,
			);
		};
/* End PBXProject section */

/* Begin PBXResourcesBuildPhase section */
		DD0F5C392B53DEDA00D2A5D6 /* Resources */ = {
			isa = PBXResourcesBuildPhase;
			buildActionMask = 2147483647;
			files = (
				DD0F5C462B53DEDB00D2A5D6 /* Preview Assets.xcassets in Resources */,
				DD0F5C432B53DEDB00D2A5D6 /* Assets.xcassets in Resources */,
			);
			runOnlyForDeploymentPostprocessing = 0;
		};
/* End PBXResourcesBuildPhase section */

/* Begin PBXSourcesBuildPhase section */
		DD0F5C372B53DEDA00D2A5D6 /* Sources */ = {
			isa = PBXSourcesBuildPhase;
			buildActionMask = 2147483647;
			files = (
				DD0F5C4F2B53E30700D2A5D6 /* ColorPickerView.swift in Sources */,
				DDD54CAF2B5961460006B835 /* DrawingHeader.swift in Sources */,
				DD38A9BD2B5D83F800508310 /* Reminders.swift in Sources */,
				DD0F5C412B53DEDA00D2A5D6 /* ContentView.swift in Sources */,
				DD0F5C512B53E8DD00D2A5D6 /* DrawingView.swift in Sources */,
				DDADE33F2B5ABA5800F4CFB5 /* Notification.swift in Sources */,
				DD2360832B5588FC00FE277F /* PencilKitCanvas.swift in Sources */,
				DD0F5C552B53EE9400D2A5D6 /* DrawingEngine.swift in Sources */,
				DDF582112B542A09003A5178 /* TimeTable.swift in Sources */,
				DD0F5C532B53E93700D2A5D6 /* Line.swift in Sources */,
				DDF5820F2B540CA0003A5178 /* FileManger.swift in Sources */,
				DD23607D2B556DEA00FE277F /* ModelData.swift in Sources */,
				DD0F5C3F2B53DEDA00D2A5D6 /* NotepadApp.swift in Sources */,
				DDD54CB12B5970930006B835 /* ReminderRow.swift in Sources */,
				DD23607F2B556E6400FE277F /* SubjectsList.swift in Sources */,
				DDD71B032B56C84A00162E08 /* NotesList.swift in Sources */,
				DD0F5C4D2B53E27400D2A5D6 /* Constants.swift in Sources */,
			);
			runOnlyForDeploymentPostprocessing = 0;
		};
/* End PBXSourcesBuildPhase section */

/* Begin XCBuildConfiguration section */
		DD0F5C472B53DEDB00D2A5D6 /* Debug */ = {
			isa = XCBuildConfiguration;
			buildSettings = {
				ALWAYS_SEARCH_USER_PATHS = NO;
				ASSETCATALOG_COMPILER_GENERATE_SWIFT_ASSET_SYMBOL_EXTENSIONS = YES;
				CLANG_ANALYZER_NONNULL = YES;
				CLANG_ANALYZER_NUMBER_OBJECT_CONVERSION = YES_AGGRESSIVE;
				CLANG_CXX_LANGUAGE_STANDARD = "gnu++20";
				CLANG_ENABLE_MODULES = YES;
				CLANG_ENABLE_OBJC_ARC = YES;
				CLANG_ENABLE_OBJC_WEAK = YES;
				CLANG_WARN_BLOCK_CAPTURE_AUTORELEASING = YES;
				CLANG_WARN_BOOL_CONVERSION = YES;
				CLANG_WARN_COMMA = YES;
				CLANG_WARN_CONSTANT_CONVERSION = YES;
				CLANG_WARN_DEPRECATED_OBJC_IMPLEMENTATIONS = YES;
				CLANG_WARN_DIRECT_OBJC_ISA_USAGE = YES_ERROR;
				CLANG_WARN_DOCUMENTATION_COMMENTS = YES;
				CLANG_WARN_EMPTY_BODY = YES;
				CLANG_WARN_ENUM_CONVERSION = YES;
				CLANG_WARN_INFINITE_RECURSION = YES;
				CLANG_WARN_INT_CONVERSION = YES;
				CLANG_WARN_NON_LITERAL_NULL_CONVERSION = YES;
				CLANG_WARN_OBJC_IMPLICIT_RETAIN_SELF = YES;
				CLANG_WARN_OBJC_LITERAL_CONVERSION = YES;
				CLANG_WARN_OBJC_ROOT_CLASS = YES_ERROR;
				CLANG_WARN_QUOTED_INCLUDE_IN_FRAMEWORK_HEADER = YES;
				CLANG_WARN_RANGE_LOOP_ANALYSIS = YES;
				CLANG_WARN_STRICT_PROTOTYPES = YES;
				CLANG_WARN_SUSPICIOUS_MOVE = YES;
				CLANG_WARN_UNGUARDED_AVAILABILITY = YES_AGGRESSIVE;
				CLANG_WARN_UNREACHABLE_CODE = YES;
				CLANG_WARN__DUPLICATE_METHOD_MATCH = YES;
				COPY_PHASE_STRIP = NO;
				DEBUG_INFORMATION_FORMAT = dwarf;
				ENABLE_STRICT_OBJC_MSGSEND = YES;
				ENABLE_TESTABILITY = YES;
				ENABLE_USER_SCRIPT_SANDBOXING = YES;
				GCC_C_LANGUAGE_STANDARD = gnu17;
				GCC_DYNAMIC_NO_PIC = NO;
				GCC_NO_COMMON_BLOCKS = YES;
				GCC_OPTIMIZATION_LEVEL = 0;
				GCC_PREPROCESSOR_DEFINITIONS = (
					"DEBUG=1",
					"$(inherited)",
				);
				GCC_WARN_64_TO_32_BIT_CONVERSION = YES;
				GCC_WARN_ABOUT_RETURN_TYPE = YES_ERROR;
				GCC_WARN_UNDECLARED_SELECTOR = YES;
				GCC_WARN_UNINITIALIZED_AUTOS = YES_AGGRESSIVE;
				GCC_WARN_UNUSED_FUNCTION = YES;
				GCC_WARN_UNUSED_VARIABLE = YES;
				IPHONEOS_DEPLOYMENT_TARGET = 17.2;
				LOCALIZATION_PREFERS_STRING_CATALOGS = YES;
				MTL_ENABLE_DEBUG_INFO = INCLUDE_SOURCE;
				MTL_FAST_MATH = YES;
				ONLY_ACTIVE_ARCH = YES;
				SDKROOT = iphoneos;
				SWIFT_ACTIVE_COMPILATION_CONDITIONS = "DEBUG $(inherited)";
				SWIFT_OPTIMIZATION_LEVEL = "-Onone";
			};
			name = Debug;
		};
		DD0F5C482B53DEDB00D2A5D6 /* Release */ = {
			isa = XCBuildConfiguration;
			buildSettings = {
				ALWAYS_SEARCH_USER_PATHS = NO;
				ASSETCATALOG_COMPILER_GENERATE_SWIFT_ASSET_SYMBOL_EXTENSIONS = YES;
				CLANG_ANALYZER_NONNULL = YES;
				CLANG_ANALYZER_NUMBER_OBJECT_CONVERSION = YES_AGGRESSIVE;
				CLANG_CXX_LANGUAGE_STANDARD = "gnu++20";
				CLANG_ENABLE_MODULES = YES;
				CLANG_ENABLE_OBJC_ARC = YES;
				CLANG_ENABLE_OBJC_WEAK = YES;
				CLANG_WARN_BLOCK_CAPTURE_AUTORELEASING = YES;
				CLANG_WARN_BOOL_CONVERSION = YES;
				CLANG_WARN_COMMA = YES;
				CLANG_WARN_CONSTANT_CONVERSION = YES;
				CLANG_WARN_DEPRECATED_OBJC_IMPLEMENTATIONS = YES;
				CLANG_WARN_DIRECT_OBJC_ISA_USAGE = YES_ERROR;
				CLANG_WARN_DOCUMENTATION_COMMENTS = YES;
				CLANG_WARN_EMPTY_BODY = YES;
				CLANG_WARN_ENUM_CONVERSION = YES;
				CLANG_WARN_INFINITE_RECURSION = YES;
				CLANG_WARN_INT_CONVERSION = YES;
				CLANG_WARN_NON_LITERAL_NULL_CONVERSION = YES;
				CLANG_WARN_OBJC_IMPLICIT_RETAIN_SELF = YES;
				CLANG_WARN_OBJC_LITERAL_CONVERSION = YES;
				CLANG_WARN_OBJC_ROOT_CLASS = YES_ERROR;
				CLANG_WARN_QUOTED_INCLUDE_IN_FRAMEWORK_HEADER = YES;
				CLANG_WARN_RANGE_LOOP_ANALYSIS = YES;
				CLANG_WARN_STRICT_PROTOTYPES = YES;
				CLANG_WARN_SUSPICIOUS_MOVE = YES;
				CLANG_WARN_UNGUARDED_AVAILABILITY = YES_AGGRESSIVE;
				CLANG_WARN_UNREACHABLE_CODE = YES;
				CLANG_WARN__DUPLICATE_METHOD_MATCH = YES;
				COPY_PHASE_STRIP = NO;
				DEBUG_INFORMATION_FORMAT = "dwarf-with-dsym";
				ENABLE_NS_ASSERTIONS = NO;
				ENABLE_STRICT_OBJC_MSGSEND = YES;
				ENABLE_USER_SCRIPT_SANDBOXING = YES;
				GCC_C_LANGUAGE_STANDARD = gnu17;
				GCC_NO_COMMON_BLOCKS = YES;
				GCC_WARN_64_TO_32_BIT_CONVERSION = YES;
				GCC_WARN_ABOUT_RETURN_TYPE = YES_ERROR;
				GCC_WARN_UNDECLARED_SELECTOR = YES;
				GCC_WARN_UNINITIALIZED_AUTOS = YES_AGGRESSIVE;
				GCC_WARN_UNUSED_FUNCTION = YES;
				GCC_WARN_UNUSED_VARIABLE = YES;
				IPHONEOS_DEPLOYMENT_TARGET = 17.2;
				LOCALIZATION_PREFERS_STRING_CATALOGS = YES;
				MTL_ENABLE_DEBUG_INFO = NO;
				MTL_FAST_MATH = YES;
				SDKROOT = iphoneos;
				SWIFT_COMPILATION_MODE = wholemodule;
				VALIDATE_PRODUCT = YES;
			};
			name = Release;
		};
		DD0F5C4A2B53DEDB00D2A5D6 /* Debug */ = {
			isa = XCBuildConfiguration;
			buildSettings = {
				ASSETCATALOG_COMPILER_APPICON_NAME = AppIcon;
				ASSETCATALOG_COMPILER_GLOBAL_ACCENT_COLOR_NAME = AccentColor;
				CODE_SIGN_STYLE = Automatic;
				CURRENT_PROJECT_VERSION = 1;
				DEVELOPMENT_ASSET_PATHS = "\"Notepad/Preview Content\"";
				DEVELOPMENT_TEAM = S63358CS86;
				ENABLE_PREVIEWS = YES;
				GENERATE_INFOPLIST_FILE = YES;
				INFOPLIST_KEY_CFBundleDisplayName = Notepad;
				INFOPLIST_KEY_LSApplicationCategoryType = "public.app-category.education";
				INFOPLIST_KEY_UIApplicationSceneManifest_Generation = YES;
				INFOPLIST_KEY_UIApplicationSupportsIndirectInputEvents = YES;
				INFOPLIST_KEY_UILaunchScreen_Generation = YES;
				INFOPLIST_KEY_UIRequiresFullScreen = YES;
				INFOPLIST_KEY_UISupportedInterfaceOrientations_iPad = "UIInterfaceOrientationPortrait UIInterfaceOrientationPortraitUpsideDown UIInterfaceOrientationLandscapeLeft UIInterfaceOrientationLandscapeRight";
				INFOPLIST_KEY_UISupportedInterfaceOrientations_iPhone = "UIInterfaceOrientationPortrait UIInterfaceOrientationLandscapeLeft UIInterfaceOrientationLandscapeRight";
				IPHONEOS_DEPLOYMENT_TARGET = 17.0;
				LD_RUNPATH_SEARCH_PATHS = (
					"$(inherited)",
					"@executable_path/Frameworks",
				);
				MARKETING_VERSION = 1.0;
				PRODUCT_BUNDLE_IDENTIFIER = karthick.Notepad;
				PRODUCT_NAME = "$(TARGET_NAME)";
				SWIFT_EMIT_LOC_STRINGS = YES;
				SWIFT_VERSION = 5.0;
				TARGETED_DEVICE_FAMILY = "1,2";
			};
			name = Debug;
		};
		DD0F5C4B2B53DEDB00D2A5D6 /* Release */ = {
			isa = XCBuildConfiguration;
			buildSettings = {
				ASSETCATALOG_COMPILER_APPICON_NAME = AppIcon;
				ASSETCATALOG_COMPILER_GLOBAL_ACCENT_COLOR_NAME = AccentColor;
				CODE_SIGN_STYLE = Automatic;
				CURRENT_PROJECT_VERSION = 1;
				DEVELOPMENT_ASSET_PATHS = "\"Notepad/Preview Content\"";
				DEVELOPMENT_TEAM = S63358CS86;
				ENABLE_PREVIEWS = YES;
				GENERATE_INFOPLIST_FILE = YES;
				INFOPLIST_KEY_CFBundleDisplayName = Notepad;
				INFOPLIST_KEY_LSApplicationCategoryType = "public.app-category.education";
				INFOPLIST_KEY_UIApplicationSceneManifest_Generation = YES;
				INFOPLIST_KEY_UIApplicationSupportsIndirectInputEvents = YES;
				INFOPLIST_KEY_UILaunchScreen_Generation = YES;
				INFOPLIST_KEY_UIRequiresFullScreen = YES;
				INFOPLIST_KEY_UISupportedInterfaceOrientations_iPad = "UIInterfaceOrientationPortrait UIInterfaceOrientationPortraitUpsideDown UIInterfaceOrientationLandscapeLeft UIInterfaceOrientationLandscapeRight";
				INFOPLIST_KEY_UISupportedInterfaceOrientations_iPhone = "UIInterfaceOrientationPortrait UIInterfaceOrientationLandscapeLeft UIInterfaceOrientationLandscapeRight";
				IPHONEOS_DEPLOYMENT_TARGET = 17.0;
				LD_RUNPATH_SEARCH_PATHS = (
					"$(inherited)",
					"@executable_path/Frameworks",
				);
				MARKETING_VERSION = 1.0;
				PRODUCT_BUNDLE_IDENTIFIER = karthick.Notepad;
				PRODUCT_NAME = "$(TARGET_NAME)";
				SWIFT_EMIT_LOC_STRINGS = YES;
				SWIFT_VERSION = 5.0;
				TARGETED_DEVICE_FAMILY = "1,2";
			};
			name = Release;
		};
/* End XCBuildConfiguration section */

/* Begin XCConfigurationList section */
		DD0F5C362B53DEDA00D2A5D6 /* Build configuration list for PBXProject "Notepad" */ = {
			isa = XCConfigurationList;
			buildConfigurations = (
				DD0F5C472B53DEDB00D2A5D6 /* Debug */,
				DD0F5C482B53DEDB00D2A5D6 /* Release */,
			);
			defaultConfigurationIsVisible = 0;
			defaultConfigurationName = Release;
		};
		DD0F5C492B53DEDB00D2A5D6 /* Build configuration list for PBXNativeTarget "Notepad" */ = {
			isa = XCConfigurationList;
			buildConfigurations = (
				DD0F5C4A2B53DEDB00D2A5D6 /* Debug */,
				DD0F5C4B2B53DEDB00D2A5D6 /* Release */,
			);
			defaultConfigurationIsVisible = 0;
			defaultConfigurationName = Release;
		};
/* End XCConfigurationList section */
	};
	rootObject = DD0F5C332B53DEDA00D2A5D6 /* Project object */;
}
